
Microsoft Visual Studio Solution File, Format Version 12.00
# Visual Studio 15
VisualStudioVersion = 15.0.28307.2017
MinimumVisualStudioVersion = 10.0.40219.1
Project("{FAE04EC0-301F-11D3-BF4B-00C04F79EFBC}") = "Vistas", "Vistas\Vistas.csproj", "{11877D3C-3442-4426-9EE1-2D50BEDEB4F4}"
EndProject
Project("{FAE04EC0-301F-11D3-BF4B-00C04F79EFBC}") = "negocio", "DatosDB\negocio.csproj", "{A79D667C-0D59-4312-88F0-017025E076F7}"
EndProject
Project("{FAE04EC0-301F-11D3-BF4B-00C04F79EFBC}") = "Dominio", "Dominio\Dominio.csproj", "{6B1F12E7-FDDE-4ABE-9623-3095B6736BF7}"
EndProject
Global
	GlobalSection(SolutionConfigurationPlatforms) = preSolution
		Debug|Any CPU = Debug|Any CPU
		Release|Any CPU = Release|Any CPU
	EndGlobalSection
	GlobalSection(ProjectConfigurationPlatforms) = postSolution
		{11877D3C-3442-4426-9EE1-2D50BEDEB4F4}.Debug|Any CPU.ActiveCfg = Debug|Any CPU
		{11877D3C-3442-4426-9EE1-2D50BEDEB4F4}.Debug|Any CPU.Build.0 = Debug|Any CPU
		{11877D3C-3442-4426-9EE1-2D50BEDEB4F4}.Release|Any CPU.ActiveCfg = Release|Any CPU
		{11877D3C-3442-4426-9EE1-2D50BEDEB4F4}.Release|Any CPU.Build.0 = Release|Any CPU
		{A79D667C-0D59-4312-88F0-017025E076F7}.Debug|Any CPU.ActiveCfg = Debug|Any CPU
		{A79D667C-0D59-4312-88F0-017025E076F7}.Debug|Any CPU.Build.0 = Debug|Any CPU
		{A79D667C-0D59-4312-88F0-017025E076F7}.Release|Any CPU.ActiveCfg = Release|Any CPU
		{A79D667C-0D59-4312-88F0-017025E076F7}.Release|Any CPU.Build.0 = Release|Any CPU
		{6B1F12E7-FDDE-4ABE-9623-3095B6736BF7}.Debug|Any CPU.ActiveCfg = Debug|Any CPU
		{6B1F12E7-FDDE-4ABE-9623-3095B6736BF7}.Debug|Any CPU.Build.0 = Debug|Any CPU
		{6B1F12E7-FDDE-4ABE-9623-3095B6736BF7}.Release|Any CPU.ActiveCfg = Release|Any CPU
		{6B1F12E7-FDDE-4ABE-9623-3095B6736BF7}.Release|Any CPU.Build.0 = Release|Any CPU
	EndGlobalSection
	GlobalSection(SolutionProperties) = preSolution
		HideSolutionNode = FALSE
	EndGlobalSection
	GlobalSection(ExtensibilityGlobals) = postSolution
		SolutionGuid = {BBA2018A-E629-4E50-BB86-12886C27B4BC}
	EndGlobalSection
EndGlobal
